<Solution>
  <Folder Name="/src/">
    <Project Path="src/FitTrackApi.Core/FitTrackApi.Core.csproj" />
    <Project Path="src/FitTrackApi.Server/FitTrackApi.Server.csproj" />
  </Folder>

  <Folder Name="/tests/">
    <Project Path="tests/FitTrackApi.Test/FitTrackApi.Test.csproj" />
    <Project Path="tests/FitTrack.PlaywrightTests/FitTrack.PlaywrightTests.csproj" />
  </Folder>
  <Project Path="docker-compose.dcproj">
    <Build />
  </Project>
</Solution>